schema: '2.0'
stages:
  data_ingestion:
    cmd: python src/data/data_ingestion.py
    deps:
    - path: src/data/data_ingestion.py
      hash: md5
      md5: 09725e79e52b78ae09a21d96826b6901
      size: 3529
    params:
      params.yaml:
        data_ingestion.test_size: 0.2
    outs:
    - path: data/raw
      hash: md5
      md5: fb326d2eec197669f9638afde28356bf.dir
      size: 827973
      nfiles: 2
  data_preprocessing:
    cmd: python src/data/data_preprocessing.py
    deps:
    - path: data/raw
      hash: md5
      md5: fb326d2eec197669f9638afde28356bf.dir
      size: 827973
      nfiles: 2
    - path: src/data/data_preprocessing.py
      hash: md5
      md5: 36e61fa0c89ebd4ded60581b771928b0
      size: 3992
    outs:
    - path: data/interim
      hash: md5
      md5: e38399fb0ea14943236f77b352df5875.dir
      size: 572486
      nfiles: 2
  feature_engineering:
    cmd: python src/features/feature_engineering.py
    deps:
    - path: data/interim
      hash: md5
      md5: e38399fb0ea14943236f77b352df5875.dir
      size: 572486
      nfiles: 2
    - path: src/features/feature_engineering.py
      hash: md5
      md5: 30e853b86781d9a1c666cc44a1f94d72
      size: 3768
    params:
      params.yaml:
        feature_engineering.max_features: 100
    outs:
    - path: data/processed
      hash: md5
      md5: f6805686626b8197a9914207e6d59f59.dir
      size: 4537338
      nfiles: 2
  model_building:
    cmd: python src/model/model_building.py
    deps:
    - path: data/processed
      hash: md5
      md5: f6805686626b8197a9914207e6d59f59.dir
      size: 4537338
      nfiles: 2
    - path: src/model/model_building.py
      hash: md5
      md5: de92b3c62df8a2005d920ac87a43265e
      size: 3063
    params:
      params.yaml:
        model_building.learning_rate: 0.1
        model_building.n_estimators: 25
    outs:
    - path: models/model.pkl
      hash: md5
      md5: 44a17aab73097b820a0c14b5e7bdd6d5
      size: 40112
  model_evaluation:
    cmd: python src/model/model_evaluation.py
    deps:
    - path: models/model.pkl
      hash: md5
      md5: 44a17aab73097b820a0c14b5e7bdd6d5
      size: 40112
    - path: src/model/model_evaluation.py
      hash: md5
      md5: 984b525fb5610eeb7c0affdaecce6eb6
      size: 3371
    outs:
    - path: reports/metrics.json
      hash: md5
      md5: 7c4971d6e21e192f5b97682bf44a76da
      size: 146
