schema: '2.0'
stages:
  data_ingestion:
    cmd: python src/data/data_ingestion.py
    deps:
    - path: src/data/data_ingestion.py
      hash: md5
      md5: 09725e79e52b78ae09a21d96826b6901
      size: 3529
    params:
      params.yaml:
        data_ingestion.test_size: 0.2
    outs:
    - path: data/raw
      hash: md5
      md5: fb326d2eec197669f9638afde28356bf.dir
      size: 827973
      nfiles: 2
  data_preprocessing:
    cmd: python src/data/data_preprocessing.py
    deps:
    - path: data/raw
      hash: md5
      md5: fb326d2eec197669f9638afde28356bf.dir
      size: 827973
      nfiles: 2
    - path: src/data/data_preprocessing.py
      hash: md5
      md5: 36e61fa0c89ebd4ded60581b771928b0
      size: 3992
    outs:
    - path: data/interim
      hash: md5
      md5: e38399fb0ea14943236f77b352df5875.dir
      size: 572486
      nfiles: 2
  feature_engineering:
    cmd: python src/features/feature_engineering.py
    deps:
    - path: data/interim
      hash: md5
      md5: e38399fb0ea14943236f77b352df5875.dir
      size: 572486
      nfiles: 2
    - path: src/features/feature_engineering.py
      hash: md5
      md5: 95c2dc830c0f09eb8eebd473b4655cf9
      size: 3785
    params:
      params.yaml:
        feature_engineering.max_features: 100
    outs:
    - path: data/processed
      hash: md5
      md5: 1ac0af6a645301029924cd4aa26d3f86.dir
      size: 2106516
      nfiles: 2
  model_building:
    cmd: python src/model/model_building.py
    deps:
    - path: data/processed
      hash: md5
      md5: 1ac0af6a645301029924cd4aa26d3f86.dir
      size: 2106516
      nfiles: 2
    - path: src/model/model_building.py
      hash: md5
      md5: 78b5e46434aa4a738bd76a1557a22b61
      size: 3061
    params:
      params.yaml:
        model_building.learning_rate: 0.1
        model_building.n_estimators: 25
    outs:
    - path: models/model.pkl
      hash: md5
      md5: 6b2dd8e42114d3454e830ffde80cf241
      size: 40112
  model_evaluation:
    cmd: python src/model/model_evaluation.py
    deps:
    - path: models/model.pkl
      hash: md5
      md5: 6b2dd8e42114d3454e830ffde80cf241
      size: 40112
    - path: src/model/model_evaluation.py
      hash: md5
      md5: e82d69953fd17021ffdf053d31308ad3
      size: 3369
    outs:
    - path: reports/metrics.json
      hash: md5
      md5: 3fa92eaf5c65708d8f74257e8d891d0a
      size: 146
